// !$*UTF8*$!
{
	archiveVersion = 1;
	classes = {
	};
	objectVersion = 56;
	objects = {

/* Begin PBXBuildFile section */
		73D038122C7D6EBC00C0119F /* AppDelegate.swift in Sources */ = {isa = PBXBuildFile; fileRef = 73D038112C7D6EBC00C0119F /* AppDelegate.swift */; };
		73D038142C7D6EBC00C0119F /* SceneDelegate.swift in Sources */ = {isa = PBXBuildFile; fileRef = 73D038132C7D6EBC00C0119F /* SceneDelegate.swift */; };
		73D038162C7D6EBC00C0119F /* ViewController.swift in Sources */ = {isa = PBXBuildFile; fileRef = 73D038152C7D6EBC00C0119F /* ViewController.swift */; };
		73D038192C7D6EBC00C0119F /* Base in Resources */ = {isa = PBXBuildFile; fileRef = 73D038182C7D6EBC00C0119F /* Base */; };
		73D0381B2C7D6EBE00C0119F /* Assets.xcassets in Resources */ = {isa = PBXBuildFile; fileRef = 73D0381A2C7D6EBE00C0119F /* Assets.xcassets */; };
		73D0381E2C7D6EBE00C0119F /* Base in Resources */ = {isa = PBXBuildFile; fileRef = 73D0381D2C7D6EBE00C0119F /* Base */; };
		73D038292C7D6EBF00C0119F /* download2Tests.swift in Sources */ = {isa = PBXBuildFile; fileRef = 73D038282C7D6EBF00C0119F /* download2Tests.swift */; };
		73D038332C7D6EBF00C0119F /* download2UITests.swift in Sources */ = {isa = PBXBuildFile; fileRef = 73D038322C7D6EBF00C0119F /* download2UITests.swift */; };
		73D038352C7D6EBF00C0119F /* download2UITestsLaunchTests.swift in Sources */ = {isa = PBXBuildFile; fileRef = 73D038342C7D6EBF00C0119F /* download2UITestsLaunchTests.swift */; };
/* End PBXBuildFile section */

/* Begin PBXContainerItemProxy section */
		73D038252C7D6EBF00C0119F /* PBXContainerItemProxy */ = {
			isa = PBXContainerItemProxy;
			containerPortal = 73D038062C7D6EBC00C0119F /* Project object */;
			proxyType = 1;
			remoteGlobalIDString = 73D0380D2C7D6EBC00C0119F;
			remoteInfo = download2;
		};
		73D0382F2C7D6EBF00C0119F /* PBXContainerItemProxy */ = {
			isa = PBXContainerItemProxy;
			containerPortal = 73D038062C7D6EBC00C0119F /* Project object */;
			proxyType = 1;
			remoteGlobalIDString = 73D0380D2C7D6EBC00C0119F;
			remoteInfo = download2;
		};
/* End PBXContainerItemProxy section */

/* Begin PBXFileReference section */
		73D0380E2C7D6EBC00C0119F /* download2.app */ = {isa = PBXFileReference; explicitFileType = wrapper.application; includeInIndex = 0; path = download2.app; sourceTree = BUILT_PRODUCTS_DIR; };
		73D038112C7D6EBC00C0119F /* AppDelegate.swift */ = {isa = PBXFileReference; lastKnownFileType = sourcecode.swift; path = AppDelegate.swift; sourceTree = "<group>"; };
		73D038132C7D6EBC00C0119F /* SceneDelegate.swift */ = {isa = PBXFileReference; lastKnownFileType = sourcecode.swift; path = SceneDelegate.swift; sourceTree = "<group>"; };
		73D038152C7D6EBC00C0119F /* ViewController.swift */ = {isa = PBXFileReference; lastKnownFileType = sourcecode.swift; path = ViewController.swift; sourceTree = "<group>"; };
		73D038182C7D6EBC00C0119F /* Base */ = {isa = PBXFileReference; lastKnownFileType = file.storyboard; name = Base; path = Base.lproj/Main.storyboard; sourceTree = "<group>"; };
		73D0381A2C7D6EBE00C0119F /* Assets.xcassets */ = {isa = PBXFileReference; lastKnownFileType = folder.assetcatalog; path = Assets.xcassets; sourceTree = "<group>"; };
		73D0381D2C7D6EBE00C0119F /* Base */ = {isa = PBXFileReference; lastKnownFileType = file.storyboard; name = Base; path = Base.lproj/LaunchScreen.storyboard; sourceTree = "<group>"; };
		73D0381F2C7D6EBE00C0119F /* Info.plist */ = {isa = PBXFileReference; lastKnownFileType = text.plist.xml; path = Info.plist; sourceTree = "<group>"; };
		73D038242C7D6EBE00C0119F /* download2Tests.xctest */ = {isa = PBXFileReference; explicitFileType = wrapper.cfbundle; includeInIndex = 0; path = download2Tests.xctest; sourceTree = BUILT_PRODUCTS_DIR; };
		73D038282C7D6EBF00C0119F /* download2Tests.swift */ = {isa = PBXFileReference; lastKnownFileType = sourcecode.swift; path = download2Tests.swift; sourceTree = "<group>"; };
		73D0382E2C7D6EBF00C0119F /* download2UITests.xctest */ = {isa = PBXFileReference; explicitFileType = wrapper.cfbundle; includeInIndex = 0; path = download2UITests.xctest; sourceTree = BUILT_PRODUCTS_DIR; };
		73D038322C7D6EBF00C0119F /* download2UITests.swift */ = {isa = PBXFileReference; lastKnownFileType = sourcecode.swift; path = download2UITests.swift; sourceTree = "<group>"; };
		73D038342C7D6EBF00C0119F /* download2UITestsLaunchTests.swift */ = {isa = PBXFileReference; lastKnownFileType = sourcecode.swift; path = download2UITestsLaunchTests.swift; sourceTree = "<group>"; };
/* End PBXFileReference section */

/* Begin PBXFrameworksBuildPhase section */
		73D0380B2C7D6EBC00C0119F /* Frameworks */ = {
			isa = PBXFrameworksBuildPhase;
			buildActionMask = 2147483647;
			files = (
			);
			runOnlyForDeploymentPostprocessing = 0;
		};
		73D038212C7D6EBE00C0119F /* Frameworks */ = {
			isa = PBXFrameworksBuildPhase;
			buildActionMask = 2147483647;
			files = (
			);
			runOnlyForDeploymentPostprocessing = 0;
		};
		73D0382B2C7D6EBF00C0119F /* Frameworks */ = {
			isa = PBXFrameworksBuildPhase;
			buildActionMask = 2147483647;
			files = (
			);
			runOnlyForDeploymentPostprocessing = 0;
		};
/* End PBXFrameworksBuildPhase section */

/* Begin PBXGroup section */
		73D038052C7D6EBC00C0119F = {
			isa = PBXGroup;
			children = (
				73D038102C7D6EBC00C0119F /* download2 */,
				73D038272C7D6EBF00C0119F /* download2Tests */,
				73D038312C7D6EBF00C0119F /* download2UITests */,
				73D0380F2C7D6EBC00C0119F /* Products */,
			);
			sourceTree = "<group>";
		};
		73D0380F2C7D6EBC00C0119F /* Products */ = {
			isa = PBXGroup;
			children = (
				73D0380E2C7D6EBC00C0119F /* download2.app */,
				73D038242C7D6EBE00C0119F /* download2Tests.xctest */,
				73D0382E2C7D6EBF00C0119F /* download2UITests.xctest */,
			);
			name = Products;
			sourceTree = "<group>";
		};
		73D038102C7D6EBC00C0119F /* download2 */ = {
			isa = PBXGroup;
			children = (
				73D038112C7D6EBC00C0119F /* AppDelegate.swift */,
				73D038132C7D6EBC00C0119F /* SceneDelegate.swift */,
				73D038152C7D6EBC00C0119F /* ViewController.swift */,
				73D038172C7D6EBC00C0119F /* Main.storyboard */,
				73D0381A2C7D6EBE00C0119F /* Assets.xcassets */,
				73D0381C2C7D6EBE00C0119F /* LaunchScreen.storyboard */,
				73D0381F2C7D6EBE00C0119F /* Info.plist */,
			);
			path = download2;
			sourceTree = "<group>";
		};
		73D038272C7D6EBF00C0119F /* download2Tests */ = {
			isa = PBXGroup;
			children = (
				73D038282C7D6EBF00C0119F /* download2Tests.swift */,
			);
			path = download2Tests;
			sourceTree = "<group>";
		};
		73D038312C7D6EBF00C0119F /* download2UITests */ = {
			isa = PBXGroup;
			children = (
				73D038322C7D6EBF00C0119F /* download2UITests.swift */,
				73D038342C7D6EBF00C0119F /* download2UITestsLaunchTests.swift */,
			);
			path = download2UITests;
			sourceTree = "<group>";
		};
/* End PBXGroup section */

/* Begin PBXNativeTarget section */
		73D0380D2C7D6EBC00C0119F /* download2 */ = {
			isa = PBXNativeTarget;
			buildConfigurationList = 73D038382C7D6EBF00C0119F /* Build configuration list for PBXNativeTarget "download2" */;
			buildPhases = (
				73D0380A2C7D6EBC00C0119F /* Sources */,
				73D0380B2C7D6EBC00C0119F /* Frameworks */,
				73D0380C2C7D6EBC00C0119F /* Resources */,
			);
			buildRules = (
			);
			dependencies = (
			);
			name = download2;
			productName = download2;
			productReference = 73D0380E2C7D6EBC00C0119F /* download2.app */;
			productType = "com.apple.product-type.application";
		};
		73D038232C7D6EBE00C0119F /* download2Tests */ = {
			isa = PBXNativeTarget;
			buildConfigurationList = 73D0383B2C7D6EBF00C0119F /* Build configuration list for PBXNativeTarget "download2Tests" */;
			buildPhases = (
				73D038202C7D6EBE00C0119F /* Sources */,
				73D038212C7D6EBE00C0119F /* Frameworks */,
				73D038222C7D6EBE00C0119F /* Resources */,
			);
			buildRules = (
			);
			dependencies = (
				73D038262C7D6EBF00C0119F /* PBXTargetDependency */,
			);
			name = download2Tests;
			productName = download2Tests;
			productReference = 73D038242C7D6EBE00C0119F /* download2Tests.xctest */;
			productType = "com.apple.product-type.bundle.unit-test";
		};
		73D0382D2C7D6EBF00C0119F /* download2UITests */ = {
			isa = PBXNativeTarget;
			buildConfigurationList = 73D0383E2C7D6EBF00C0119F /* Build configuration list for PBXNativeTarget "download2UITests" */;
			buildPhases = (
				73D0382A2C7D6EBF00C0119F /* Sources */,
				73D0382B2C7D6EBF00C0119F /* Frameworks */,
				73D0382C2C7D6EBF00C0119F /* Resources */,
			);
			buildRules = (
			);
			dependencies = (
				73D038302C7D6EBF00C0119F /* PBXTargetDependency */,
			);
			name = download2UITests;
			productName = download2UITests;
			productReference = 73D0382E2C7D6EBF00C0119F /* download2UITests.xctest */;
			productType = "com.apple.product-type.bundle.ui-testing";
		};
/* End PBXNativeTarget section */

/* Begin PBXProject section */
		73D038062C7D6EBC00C0119F /* Project object */ = {
			isa = PBXProject;
			attributes = {
				BuildIndependentTargetsInParallel = 1;
				LastSwiftUpdateCheck = 1540;
				LastUpgradeCheck = 1540;
				TargetAttributes = {
					73D0380D2C7D6EBC00C0119F = {
						CreatedOnToolsVersion = 15.4;
					};
					73D038232C7D6EBE00C0119F = {
						CreatedOnToolsVersion = 15.4;
						TestTargetID = 73D0380D2C7D6EBC00C0119F;
					};
					73D0382D2C7D6EBF00C0119F = {
						CreatedOnToolsVersion = 15.4;
						TestTargetID = 73D0380D2C7D6EBC00C0119F;
					};
				};
			};
			buildConfigurationList = 73D038092C7D6EBC00C0119F /* Build configuration list for PBXProject "download2" */;
			compatibilityVersion = "Xcode 14.0";
			developmentRegion = en;
			hasScannedForEncodings = 0;
			knownRegions = (
				en,
				Base,
			);
			mainGroup = 73D038052C7D6EBC00C0119F;
			productRefGroup = 73D0380F2C7D6EBC00C0119F /* Products */;
			projectDirPath = "";
			projectRoot = "";
			targets = (
				73D0380D2C7D6EBC00C0119F /* download2 */,
				73D038232C7D6EBE00C0119F /* download2Tests */,
				73D0382D2C7D6EBF00C0119F /* download2UITests */,
			);
		};
/* End PBXProject section */

/* Begin PBXResourcesBuildPhase section */
		73D0380C2C7D6EBC00C0119F /* Resources */ = {
			isa = PBXResourcesBuildPhase;
			buildActionMask = 2147483647;
			files = (
				73D0381B2C7D6EBE00C0119F /* Assets.xcassets in Resources */,
				73D0381E2C7D6EBE00C0119F /* Base in Resources */,
				73D038192C7D6EBC00C0119F /* Base in Resources */,
			);
			runOnlyForDeploymentPostprocessing = 0;
		};
		73D038222C7D6EBE00C0119F /* Resources */ = {
			isa = PBXResourcesBuildPhase;
			buildActionMask = 2147483647;
			files = (
			);
			runOnlyForDeploymentPostprocessing = 0;
		};
		73D0382C2C7D6EBF00C0119F /* Resources */ = {
			isa = PBXResourcesBuildPhase;
			buildActionMask = 2147483647;
			files = (
			);
			runOnlyForDeploymentPostprocessing = 0;
		};
/* End PBXResourcesBuildPhase section */

/* Begin PBXSourcesBuildPhase section */
		73D0380A2C7D6EBC00C0119F /* Sources */ = {
			isa = PBXSourcesBuildPhase;
			buildActionMask = 2147483647;
			files = (
				73D038162C7D6EBC00C0119F /* ViewController.swift in Sources */,
				73D038122C7D6EBC00C0119F /* AppDelegate.swift in Sources */,
				73D038142C7D6EBC00C0119F /* SceneDelegate.swift in Sources */,
			);
			runOnlyForDeploymentPostprocessing = 0;
		};
		73D038202C7D6EBE00C0119F /* Sources */ = {
			isa = PBXSourcesBuildPhase;
			buildActionMask = 2147483647;
			files = (
				73D038292C7D6EBF00C0119F /* download2Tests.swift in Sources */,
			);
			runOnlyForDeploymentPostprocessing = 0;
		};
		73D0382A2C7D6EBF00C0119F /* Sources */ = {
			isa = PBXSourcesBuildPhase;
			buildActionMask = 2147483647;
			files = (
				73D038332C7D6EBF00C0119F /* download2UITests.swift in Sources */,
				73D038352C7D6EBF00C0119F /* download2UITestsLaunchTests.swift in Sources */,
			);
			runOnlyForDeploymentPostprocessing = 0;
		};
/* End PBXSourcesBuildPhase section */

/* Begin PBXTargetDependency section */
		73D038262C7D6EBF00C0119F /* PBXTargetDependency */ = {
			isa = PBXTargetDependency;
			target = 73D0380D2C7D6EBC00C0119F /* download2 */;
			targetProxy = 73D038252C7D6EBF00C0119F /* PBXContainerItemProxy */;
		};
		73D038302C7D6EBF00C0119F /* PBXTargetDependency */ = {
			isa = PBXTargetDependency;
			target = 73D0380D2C7D6EBC00C0119F /* download2 */;
			targetProxy = 73D0382F2C7D6EBF00C0119F /* PBXContainerItemProxy */;
		};
/* End PBXTargetDependency section */

/* Begin PBXVariantGroup section */
		73D038172C7D6EBC00C0119F /* Main.storyboard */ = {
			isa = PBXVariantGroup;
			children = (
				73D038182C7D6EBC00C0119F /* Base */,
			);
			name = Main.storyboard;
			sourceTree = "<group>";
		};
		73D0381C2C7D6EBE00C0119F /* LaunchScreen.storyboard */ = {
			isa = PBXVariantGroup;
			children = (
				73D0381D2C7D6EBE00C0119F /* Base */,
			);
			name = LaunchScreen.storyboard;
			sourceTree = "<group>";
		};
/* End PBXVariantGroup section */

/* Begin XCBuildConfiguration section */
		73D038362C7D6EBF00C0119F /* Debug */ = {
			isa = XCBuildConfiguration;
			buildSettings = {
				ALWAYS_SEARCH_USER_PATHS = NO;
				ASSETCATALOG_COMPILER_GENERATE_SWIFT_ASSET_SYMBOL_EXTENSIONS = YES;
				CLANG_ANALYZER_NONNULL = YES;
				CLANG_ANALYZER_NUMBER_OBJECT_CONVERSION = YES_AGGRESSIVE;
				CLANG_CXX_LANGUAGE_STANDARD = "gnu++20";
				CLANG_ENABLE_MODULES = YES;
				CLANG_ENABLE_OBJC_ARC = YES;
				CLANG_ENABLE_OBJC_WEAK = YES;
				CLANG_WARN_BLOCK_CAPTURE_AUTORELEASING = YES;
				CLANG_WARN_BOOL_CONVERSION = YES;
				CLANG_WARN_COMMA = YES;
				CLANG_WARN_CONSTANT_CONVERSION = YES;
				CLANG_WARN_DEPRECATED_OBJC_IMPLEMENTATIONS = YES;
				CLANG_WARN_DIRECT_OBJC_ISA_USAGE = YES_ERROR;
				CLANG_WARN_DOCUMENTATION_COMMENTS = YES;
				CLANG_WARN_EMPTY_BODY = YES;
				CLANG_WARN_ENUM_CONVERSION = YES;
				CLANG_WARN_INFINITE_RECURSION = YES;
				CLANG_WARN_INT_CONVERSION = YES;
				CLANG_WARN_NON_LITERAL_NULL_CONVERSION = YES;
				CLANG_WARN_OBJC_IMPLICIT_RETAIN_SELF = YES;
				CLANG_WARN_OBJC_LITERAL_CONVERSION = YES;
				CLANG_WARN_OBJC_ROOT_CLASS = YES_ERROR;
				CLANG_WARN_QUOTED_INCLUDE_IN_FRAMEWORK_HEADER = YES;
				CLANG_WARN_RANGE_LOOP_ANALYSIS = YES;
				CLANG_WARN_STRICT_PROTOTYPES = YES;
				CLANG_WARN_SUSPICIOUS_MOVE = YES;
				CLANG_WARN_UNGUARDED_AVAILABILITY = YES_AGGRESSIVE;
				CLANG_WARN_UNREACHABLE_CODE = YES;
				CLANG_WARN__DUPLICATE_METHOD_MATCH = YES;
				COPY_PHASE_STRIP = NO;
				DEBUG_INFORMATION_FORMAT = dwarf;
				ENABLE_STRICT_OBJC_MSGSEND = YES;
				ENABLE_TESTABILITY = YES;
				ENABLE_USER_SCRIPT_SANDBOXING = YES;
				GCC_C_LANGUAGE_STANDARD = gnu17;
				GCC_DYNAMIC_NO_PIC = NO;
				GCC_NO_COMMON_BLOCKS = YES;
				GCC_OPTIMIZATION_LEVEL = 0;
				GCC_PREPROCESSOR_DEFINITIONS = (
					"DEBUG=1",
					"$(inherited)",
				);
				GCC_WARN_64_TO_32_BIT_CONVERSION = YES;
				GCC_WARN_ABOUT_RETURN_TYPE = YES_ERROR;
				GCC_WARN_UNDECLARED_SELECTOR = YES;
				GCC_WARN_UNINITIALIZED_AUTOS = YES_AGGRESSIVE;
				GCC_WARN_UNUSED_FUNCTION = YES;
				GCC_WARN_UNUSED_VARIABLE = YES;
				IPHONEOS_DEPLOYMENT_TARGET = 17.5;
				LOCALIZATION_PREFERS_STRING_CATALOGS = YES;
				MTL_ENABLE_DEBUG_INFO = INCLUDE_SOURCE;
				MTL_FAST_MATH = YES;
				ONLY_ACTIVE_ARCH = YES;
				SDKROOT = iphoneos;
				SWIFT_ACTIVE_COMPILATION_CONDITIONS = "DEBUG $(inherited)";
				SWIFT_OPTIMIZATION_LEVEL = "-Onone";
			};
			name = Debug;
		};
		73D038372C7D6EBF00C0119F /* Release */ = {
			isa = XCBuildConfiguration;
			buildSettings = {
				ALWAYS_SEARCH_USER_PATHS = NO;
				ASSETCATALOG_COMPILER_GENERATE_SWIFT_ASSET_SYMBOL_EXTENSIONS = YES;
				CLANG_ANALYZER_NONNULL = YES;
				CLANG_ANALYZER_NUMBER_OBJECT_CONVERSION = YES_AGGRESSIVE;
				CLANG_CXX_LANGUAGE_STANDARD = "gnu++20";
				CLANG_ENABLE_MODULES = YES;
				CLANG_ENABLE_OBJC_ARC = YES;
				CLANG_ENABLE_OBJC_WEAK = YES;
				CLANG_WARN_BLOCK_CAPTURE_AUTORELEASING = YES;
				CLANG_WARN_BOOL_CONVERSION = YES;
				CLANG_WARN_COMMA = YES;
				CLANG_WARN_CONSTANT_CONVERSION = YES;
				CLANG_WARN_DEPRECATED_OBJC_IMPLEMENTATIONS = YES;
				CLANG_WARN_DIRECT_OBJC_ISA_USAGE = YES_ERROR;
				CLANG_WARN_DOCUMENTATION_COMMENTS = YES;
				CLANG_WARN_EMPTY_BODY = YES;
				CLANG_WARN_ENUM_CONVERSION = YES;
				CLANG_WARN_INFINITE_RECURSION = YES;
				CLANG_WARN_INT_CONVERSION = YES;
				CLANG_WARN_NON_LITERAL_NULL_CONVERSION = YES;
				CLANG_WARN_OBJC_IMPLICIT_RETAIN_SELF = YES;
				CLANG_WARN_OBJC_LITERAL_CONVERSION = YES;
				CLANG_WARN_OBJC_ROOT_CLASS = YES_ERROR;
				CLANG_WARN_QUOTED_INCLUDE_IN_FRAMEWORK_HEADER = YES;
				CLANG_WARN_RANGE_LOOP_ANALYSIS = YES;
				CLANG_WARN_STRICT_PROTOTYPES = YES;
				CLANG_WARN_SUSPICIOUS_MOVE = YES;
				CLANG_WARN_UNGUARDED_AVAILABILITY = YES_AGGRESSIVE;
				CLANG_WARN_UNREACHABLE_CODE = YES;
				CLANG_WARN__DUPLICATE_METHOD_MATCH = YES;
				COPY_PHASE_STRIP = NO;
				DEBUG_INFORMATION_FORMAT = "dwarf-with-dsym";
				ENABLE_NS_ASSERTIONS = NO;
				ENABLE_STRICT_OBJC_MSGSEND = YES;
				ENABLE_USER_SCRIPT_SANDBOXING = YES;
				GCC_C_LANGUAGE_STANDARD = gnu17;
				GCC_NO_COMMON_BLOCKS = YES;
				GCC_WARN_64_TO_32_BIT_CONVERSION = YES;
				GCC_WARN_ABOUT_RETURN_TYPE = YES_ERROR;
				GCC_WARN_UNDECLARED_SELECTOR = YES;
				GCC_WARN_UNINITIALIZED_AUTOS = YES_AGGRESSIVE;
				GCC_WARN_UNUSED_FUNCTION = YES;
				GCC_WARN_UNUSED_VARIABLE = YES;
				IPHONEOS_DEPLOYMENT_TARGET = 17.5;
				LOCALIZATION_PREFERS_STRING_CATALOGS = YES;
				MTL_ENABLE_DEBUG_INFO = NO;
				MTL_FAST_MATH = YES;
				SDKROOT = iphoneos;
				SWIFT_COMPILATION_MODE = wholemodule;
				VALIDATE_PRODUCT = YES;
			};
			name = Release;
		};
		73D038392C7D6EBF00C0119F /* Debug */ = {
			isa = XCBuildConfiguration;
			buildSettings = {
				ASSETCATALOG_COMPILER_APPICON_NAME = AppIcon;
				ASSETCATALOG_COMPILER_GLOBAL_ACCENT_COLOR_NAME = AccentColor;
				CODE_SIGN_STYLE = Automatic;
				CURRENT_PROJECT_VERSION = 1;
				GENERATE_INFOPLIST_FILE = YES;
				INFOPLIST_FILE = download2/Info.plist;
				INFOPLIST_KEY_UIApplicationSupportsIndirectInputEvents = YES;
				INFOPLIST_KEY_UILaunchStoryboardName = LaunchScreen;
				INFOPLIST_KEY_UIMainStoryboardFile = Main;
				INFOPLIST_KEY_UISupportedInterfaceOrientations_iPad = "UIInterfaceOrientationPortrait UIInterfaceOrientationPortraitUpsideDown UIInterfaceOrientationLandscapeLeft UIInterfaceOrientationLandscapeRight";
				INFOPLIST_KEY_UISupportedInterfaceOrientations_iPhone = "UIInterfaceOrientationPortrait UIInterfaceOrientationLandscapeLeft UIInterfaceOrientationLandscapeRight";
				LD_RUNPATH_SEARCH_PATHS = (
					"$(inherited)",
					"@executable_path/Frameworks",
				);
				MARKETING_VERSION = 1.0;
				PRODUCT_BUNDLE_IDENTIFIER = HDT.download2;
				PRODUCT_NAME = "$(TARGET_NAME)";
				SWIFT_EMIT_LOC_STRINGS = YES;
				SWIFT_VERSION = 5.0;
				TARGETED_DEVICE_FAMILY = "1,2";
			};
			name = Debug;
		};
		73D0383A2C7D6EBF00C0119F /* Release */ = {
			isa = XCBuildConfiguration;
			buildSettings = {
				ASSETCATALOG_COMPILER_APPICON_NAME = AppIcon;
				ASSETCATALOG_COMPILER_GLOBAL_ACCENT_COLOR_NAME = AccentColor;
				CODE_SIGN_STYLE = Automatic;
				CURRENT_PROJECT_VERSION = 1;
				GENERATE_INFOPLIST_FILE = YES;
				INFOPLIST_FILE = download2/Info.plist;
				INFOPLIST_KEY_UIApplicationSupportsIndirectInputEvents = YES;
				INFOPLIST_KEY_UILaunchStoryboardName = LaunchScreen;
				INFOPLIST_KEY_UIMainStoryboardFile = Main;
				INFOPLIST_KEY_UISupportedInterfaceOrientations_iPad = "UIInterfaceOrientationPortrait UIInterfaceOrientationPortraitUpsideDown UIInterfaceOrientationLandscapeLeft UIInterfaceOrientationLandscapeRight";
				INFOPLIST_KEY_UISupportedInterfaceOrientations_iPhone = "UIInterfaceOrientationPortrait UIInterfaceOrientationLandscapeLeft UIInterfaceOrientationLandscapeRight";
				LD_RUNPATH_SEARCH_PATHS = (
					"$(inherited)",
					"@executable_path/Frameworks",
				);
				MARKETING_VERSION = 1.0;
				PRODUCT_BUNDLE_IDENTIFIER = HDT.download2;
				PRODUCT_NAME = "$(TARGET_NAME)";
				SWIFT_EMIT_LOC_STRINGS = YES;
				SWIFT_VERSION = 5.0;
				TARGETED_DEVICE_FAMILY = "1,2";
			};
			name = Release;
		};
		73D0383C2C7D6EBF00C0119F /* Debug */ = {
			isa = XCBuildConfiguration;
			buildSettings = {
				ALWAYS_EMBED_SWIFT_STANDARD_LIBRARIES = YES;
				BUNDLE_LOADER = "$(TEST_HOST)";
				CODE_SIGN_STYLE = Automatic;
				CURRENT_PROJECT_VERSION = 1;
				GENERATE_INFOPLIST_FILE = YES;
				IPHONEOS_DEPLOYMENT_TARGET = 17.5;
				MARKETING_VERSION = 1.0;
				PRODUCT_BUNDLE_IDENTIFIER = HDT.download2Tests;
				PRODUCT_NAME = "$(TARGET_NAME)";
				SWIFT_EMIT_LOC_STRINGS = NO;
				SWIFT_VERSION = 5.0;
				TARGETED_DEVICE_FAMILY = "1,2";
				TEST_HOST = "$(BUILT_PRODUCTS_DIR)/download2.app/$(BUNDLE_EXECUTABLE_FOLDER_PATH)/download2";
			};
			name = Debug;
		};
		73D0383D2C7D6EBF00C0119F /* Release */ = {
			isa = XCBuildConfiguration;
			buildSettings = {
				ALWAYS_EMBED_SWIFT_STANDARD_LIBRARIES = YES;
				BUNDLE_LOADER = "$(TEST_HOST)";
				CODE_SIGN_STYLE = Automatic;
				CURRENT_PROJECT_VERSION = 1;
				GENERATE_INFOPLIST_FILE = YES;
				IPHONEOS_DEPLOYMENT_TARGET = 17.5;
				MARKETING_VERSION = 1.0;
				PRODUCT_BUNDLE_IDENTIFIER = HDT.download2Tests;
				PRODUCT_NAME = "$(TARGET_NAME)";
				SWIFT_EMIT_LOC_STRINGS = NO;
				SWIFT_VERSION = 5.0;
				TARGETED_DEVICE_FAMILY = "1,2";
				TEST_HOST = "$(BUILT_PRODUCTS_DIR)/download2.app/$(BUNDLE_EXECUTABLE_FOLDER_PATH)/download2";
			};
			name = Release;
		};
		73D0383F2C7D6EBF00C0119F /* Debug */ = {
			isa = XCBuildConfiguration;
			buildSettings = {
				ALWAYS_EMBED_SWIFT_STANDARD_LIBRARIES = YES;
				CODE_SIGN_STYLE = Automatic;
				CURRENT_PROJECT_VERSION = 1;
				GENERATE_INFOPLIST_FILE = YES;
				MARKETING_VERSION = 1.0;
				PRODUCT_BUNDLE_IDENTIFIER = HDT.download2UITests;
				PRODUCT_NAME = "$(TARGET_NAME)";
				SWIFT_EMIT_LOC_STRINGS = NO;
				SWIFT_VERSION = 5.0;
				TARGETED_DEVICE_FAMILY = "1,2";
				TEST_TARGET_NAME = download2;
			};
			name = Debug;
		};
		73D038402C7D6EBF00C0119F /* Release */ = {
			isa = XCBuildConfiguration;
			buildSettings = {
				ALWAYS_EMBED_SWIFT_STANDARD_LIBRARIES = YES;
				CODE_SIGN_STYLE = Automatic;
				CURRENT_PROJECT_VERSION = 1;
				GENERATE_INFOPLIST_FILE = YES;
				MARKETING_VERSION = 1.0;
				PRODUCT_BUNDLE_IDENTIFIER = HDT.download2UITests;
				PRODUCT_NAME = "$(TARGET_NAME)";
				SWIFT_EMIT_LOC_STRINGS = NO;
				SWIFT_VERSION = 5.0;
				TARGETED_DEVICE_FAMILY = "1,2";
				TEST_TARGET_NAME = download2;
			};
			name = Release;
		};
/* End XCBuildConfiguration section */

/* Begin XCConfigurationList section */
		73D038092C7D6EBC00C0119F /* Build configuration list for PBXProject "download2" */ = {
			isa = XCConfigurationList;
			buildConfigurations = (
				73D038362C7D6EBF00C0119F /* Debug */,
				73D038372C7D6EBF00C0119F /* Release */,
			);
			defaultConfigurationIsVisible = 0;
			defaultConfigurationName = Release;
		};
		73D038382C7D6EBF00C0119F /* Build configuration list for PBXNativeTarget "download2" */ = {
			isa = XCConfigurationList;
			buildConfigurations = (
				73D038392C7D6EBF00C0119F /* Debug */,
				73D0383A2C7D6EBF00C0119F /* Release */,
			);
			defaultConfigurationIsVisible = 0;
			defaultConfigurationName = Release;
		};
		73D0383B2C7D6EBF00C0119F /* Build configuration list for PBXNativeTarget "download2Tests" */ = {
			isa = XCConfigurationList;
			buildConfigurations = (
				73D0383C2C7D6EBF00C0119F /* Debug */,
				73D0383D2C7D6EBF00C0119F /* Release */,
			);
			defaultConfigurationIsVisible = 0;
			defaultConfigurationName = Release;
		};
		73D0383E2C7D6EBF00C0119F /* Build configuration list for PBXNativeTarget "download2UITests" */ = {
			isa = XCConfigurationList;
			buildConfigurations = (
				73D0383F2C7D6EBF00C0119F /* Debug */,
				73D038402C7D6EBF00C0119F /* Release */,
			);
			defaultConfigurationIsVisible = 0;
			defaultConfigurationName = Release;
		};
/* End XCConfigurationList section */
	};
	rootObject = 73D038062C7D6EBC00C0119F /* Project object */;
}
